
Microsoft Visual Studio Solution File, Format Version 12.00
# Visual Studio Version 16
VisualStudioVersion = 16.0.29409.12
MinimumVisualStudioVersion = 10.0.40219.1
Project("{FAE04EC0-301F-11D3-BF4B-00C04F79EFBC}") = "Pro8", "Pro8\Pro8.csproj", "{C5E8243E-EA01-4ED2-824D-3DDFB21516CE}"
EndProject
Global
	GlobalSection(SolutionConfigurationPlatforms) = preSolution
		Debug|Any CPU = Debug|Any CPU
		Release|Any CPU = Release|Any CPU
	EndGlobalSection
	GlobalSection(ProjectConfigurationPlatforms) = postSolution
		{C5E8243E-EA01-4ED2-824D-3DDFB21516CE}.Debug|Any CPU.ActiveCfg = Debug|Any CPU
		{C5E8243E-EA01-4ED2-824D-3DDFB21516CE}.Debug|Any CPU.Build.0 = Debug|Any CPU
		{C5E8243E-EA01-4ED2-824D-3DDFB21516CE}.Release|Any CPU.ActiveCfg = Release|Any CPU
		{C5E8243E-EA01-4ED2-824D-3DDFB21516CE}.Release|Any CPU.Build.0 = Release|Any CPU
	EndGlobalSection
	GlobalSection(SolutionProperties) = preSolution
		HideSolutionNode = FALSE
	EndGlobalSection
	GlobalSection(ExtensibilityGlobals) = postSolution
		SolutionGuid = {700B0193-2E55-4B60-990E-73B429ED4B97}
	EndGlobalSection
EndGlobal
